
Microsoft Visual Studio Solution File, Format Version 12.00
# Visual Studio 15
VisualStudioVersion = 15.0.28010.2026
MinimumVisualStudioVersion = 10.0.40219.1
Project("{2150E333-8FDC-42A3-9474-1A3956D46DE8}") = "API", "API", "{85093AF3-6368-4092-A81F-3CF21F688E99}"
EndProject
Project("{FAE04EC0-301F-11D3-BF4B-00C04F79EFBC}") = "OHMDataManager", "OHMDataManager\OHMDataManager.csproj", "{AE4FE8FF-5AC2-45CC-9339-1D19C8C82E59}"
EndProject
Project("{2150E333-8FDC-42A3-9474-1A3956D46DE8}") = "Database", "Database", "{7DF4EE18-93F9-4E99-99E2-27BC2E54B434}"
EndProject
Project("{00D1A9C2-B5F0-4AF3-8072-F6C62B433612}") = "OHMData", "OHMData\OHMData.sqlproj", "{5B8C1C20-6AED-4D5A-88AE-11ECDD5B6208}"
EndProject
Project("{2150E333-8FDC-42A3-9474-1A3956D46DE8}") = "WPF", "WPF", "{1226E479-E188-4BFD-A0B4-09C7D4F922E9}"
EndProject
Project("{FAE04EC0-301F-11D3-BF4B-00C04F79EFBC}") = "OHMDesktopUI", "OHMDesktopUI\OHMDesktopUI.csproj", "{177E276A-9379-45DF-8CB5-35D1B41B530C}"
EndProject
Project("{FAE04EC0-301F-11D3-BF4B-00C04F79EFBC}") = "OHMDesktopUI.Library", "OHMDesktopUI.Library\OHMDesktopUI.Library.csproj", "{70607A82-5B03-4A20-82D0-7695DE90EBB0}"
EndProject
Project("{FAE04EC0-301F-11D3-BF4B-00C04F79EFBC}") = "OHMDataManager.Library", "OHMDataManager.Library\OHMDataManager.Library.csproj", "{4FE59EA0-F04F-4CAB-A0BF-C3F86C2E431E}"
EndProject
Global
	GlobalSection(SolutionConfigurationPlatforms) = preSolution
		Debug|Any CPU = Debug|Any CPU
		Release|Any CPU = Release|Any CPU
	EndGlobalSection
	GlobalSection(ProjectConfigurationPlatforms) = postSolution
		{AE4FE8FF-5AC2-45CC-9339-1D19C8C82E59}.Debug|Any CPU.ActiveCfg = Debug|Any CPU
		{AE4FE8FF-5AC2-45CC-9339-1D19C8C82E59}.Debug|Any CPU.Build.0 = Debug|Any CPU
		{AE4FE8FF-5AC2-45CC-9339-1D19C8C82E59}.Release|Any CPU.ActiveCfg = Release|Any CPU
		{AE4FE8FF-5AC2-45CC-9339-1D19C8C82E59}.Release|Any CPU.Build.0 = Release|Any CPU
		{5B8C1C20-6AED-4D5A-88AE-11ECDD5B6208}.Debug|Any CPU.ActiveCfg = Debug|Any CPU
		{5B8C1C20-6AED-4D5A-88AE-11ECDD5B6208}.Debug|Any CPU.Build.0 = Debug|Any CPU
		{5B8C1C20-6AED-4D5A-88AE-11ECDD5B6208}.Debug|Any CPU.Deploy.0 = Debug|Any CPU
		{5B8C1C20-6AED-4D5A-88AE-11ECDD5B6208}.Release|Any CPU.ActiveCfg = Release|Any CPU
		{5B8C1C20-6AED-4D5A-88AE-11ECDD5B6208}.Release|Any CPU.Build.0 = Release|Any CPU
		{5B8C1C20-6AED-4D5A-88AE-11ECDD5B6208}.Release|Any CPU.Deploy.0 = Release|Any CPU
		{177E276A-9379-45DF-8CB5-35D1B41B530C}.Debug|Any CPU.ActiveCfg = Debug|Any CPU
		{177E276A-9379-45DF-8CB5-35D1B41B530C}.Debug|Any CPU.Build.0 = Debug|Any CPU
		{177E276A-9379-45DF-8CB5-35D1B41B530C}.Release|Any CPU.ActiveCfg = Release|Any CPU
		{177E276A-9379-45DF-8CB5-35D1B41B530C}.Release|Any CPU.Build.0 = Release|Any CPU
		{70607A82-5B03-4A20-82D0-7695DE90EBB0}.Debug|Any CPU.ActiveCfg = Debug|Any CPU
		{70607A82-5B03-4A20-82D0-7695DE90EBB0}.Debug|Any CPU.Build.0 = Debug|Any CPU
		{70607A82-5B03-4A20-82D0-7695DE90EBB0}.Release|Any CPU.ActiveCfg = Release|Any CPU
		{70607A82-5B03-4A20-82D0-7695DE90EBB0}.Release|Any CPU.Build.0 = Release|Any CPU
		{4FE59EA0-F04F-4CAB-A0BF-C3F86C2E431E}.Debug|Any CPU.ActiveCfg = Debug|Any CPU
		{4FE59EA0-F04F-4CAB-A0BF-C3F86C2E431E}.Debug|Any CPU.Build.0 = Debug|Any CPU
		{4FE59EA0-F04F-4CAB-A0BF-C3F86C2E431E}.Release|Any CPU.ActiveCfg = Release|Any CPU
		{4FE59EA0-F04F-4CAB-A0BF-C3F86C2E431E}.Release|Any CPU.Build.0 = Release|Any CPU
	EndGlobalSection
	GlobalSection(SolutionProperties) = preSolution
		HideSolutionNode = FALSE
	EndGlobalSection
	GlobalSection(NestedProjects) = preSolution
		{AE4FE8FF-5AC2-45CC-9339-1D19C8C82E59} = {85093AF3-6368-4092-A81F-3CF21F688E99}
		{5B8C1C20-6AED-4D5A-88AE-11ECDD5B6208} = {7DF4EE18-93F9-4E99-99E2-27BC2E54B434}
		{177E276A-9379-45DF-8CB5-35D1B41B530C} = {1226E479-E188-4BFD-A0B4-09C7D4F922E9}
		{70607A82-5B03-4A20-82D0-7695DE90EBB0} = {1226E479-E188-4BFD-A0B4-09C7D4F922E9}
		{4FE59EA0-F04F-4CAB-A0BF-C3F86C2E431E} = {85093AF3-6368-4092-A81F-3CF21F688E99}
	EndGlobalSection
	GlobalSection(ExtensibilityGlobals) = postSolution
		SolutionGuid = {D2766B89-EC5A-4F1C-BFC6-4377C375A42A}
	EndGlobalSection
EndGlobal
